{
  "pins" : [
    {
      "identity" : "langtools.swift",
      "kind" : "remoteSourceControl",
      "location" : "https://github.com/rchatham/LangTools.swift.git",
      "state" : {
        "branch" : "main",
        "revision" : "be85365661d5150ad00f7631d42d221c4f4c841a"
      }
    },
    {
      "identity" : "swiftyjson",
      "kind" : "remoteSourceControl",
      "location" : "https://github.com/SwiftyJSON/SwiftyJSON.git",
      "state" : {
        "revision" : "af76cf3ef710b6ca5f8c05f3a31307d44a3c5828",
        "version" : "5.0.2"
      }
    }
  ],
  "version" : 2
}
